{
  "object": {
    "pins": [
      {
        "package": "Arc",
        "repositoryURL": "https://github.com/CTRLab-WashU/ArcAssessmentsiOS.git",
        "state": {
          "branch": "DIAN-247",
          "revision": "02827fbb4c6a4d8bc4854378ee7f5c9cd20c9837",
          "version": null
        }
      }
    ]
  },
  "version": 1
}
