{
  "object": {
    "pins": [
      {
        "package": "Arc",
        "repositoryURL": "https://github.com/CTRLab-WashU/ArcAssessmentsiOS.git",
        "state": {
          "branch": "DIAN-247",
          "revision": "fbbed1f5f01f50e937e9e4529ec674001d3fda3a",
          "version": null
        }
      }
    ]
  },
  "version": 1
}
