{
  "object": {
    "pins": [
      {
        "package": "Arc",
        "repositoryURL": "https://github.com/CTRLab-WashU/ArcAssessmentsiOS.git",
        "state": {
          "branch": "DIAN-247",
          "revision": "09b68ba3654c8f5857778f3de0f82edf2f648bae",
          "version": null
        }
      }
    ]
  },
  "version": 1
}
